
Microsoft Visual Studio Solution File, Format Version 12.00
# Visual Studio Version 17
VisualStudioVersion = 17.14.37111.16 d17.14
MinimumVisualStudioVersion = 10.0.40219.1
Project("{FAE04EC0-301F-11D3-BF4B-00C04F79EFBC}") = "Travel_Trip_Project", "Travel_Trip_Project\Travel_Trip_Project.csproj", "{A3CB8251-08AC-4F47-B12E-1D8B257C236B}"
EndProject
Global
	GlobalSection(SolutionConfigurationPlatforms) = preSolution
		Debug|Any CPU = Debug|Any CPU
		Release|Any CPU = Release|Any CPU
	EndGlobalSection
	GlobalSection(ProjectConfigurationPlatforms) = postSolution
		{A3CB8251-08AC-4F47-B12E-1D8B257C236B}.Debug|Any CPU.ActiveCfg = Debug|Any CPU
		{A3CB8251-08AC-4F47-B12E-1D8B257C236B}.Debug|Any CPU.Build.0 = Debug|Any CPU
		{A3CB8251-08AC-4F47-B12E-1D8B257C236B}.Release|Any CPU.ActiveCfg = Release|Any CPU
		{A3CB8251-08AC-4F47-B12E-1D8B257C236B}.Release|Any CPU.Build.0 = Release|Any CPU
	EndGlobalSection
	GlobalSection(SolutionProperties) = preSolution
		HideSolutionNode = FALSE
	EndGlobalSection
	GlobalSection(ExtensibilityGlobals) = postSolution
		SolutionGuid = {D0F70CFB-90E1-40CE-A09D-F582872B0E97}
	EndGlobalSection
EndGlobal
